
Microsoft Visual Studio Solution File, Format Version 12.00
# Visual Studio Version 16
VisualStudioVersion = 16.0.29025.244
MinimumVisualStudioVersion = 10.0.40219.1
Project("{FAE04EC0-301F-11D3-BF4B-00C04F79EFBC}") = "PandeBot.WebHook", "PandeBot.WebHook.csproj", "{B7738918-6898-4BAE-9974-5582B8DA8B5D}"
EndProject
Global
	GlobalSection(SolutionConfigurationPlatforms) = preSolution
		Debug|Any CPU = Debug|Any CPU
		Release|Any CPU = Release|Any CPU
	EndGlobalSection
	GlobalSection(ProjectConfigurationPlatforms) = postSolution
		{B7738918-6898-4BAE-9974-5582B8DA8B5D}.Debug|Any CPU.ActiveCfg = Debug|Any CPU
		{B7738918-6898-4BAE-9974-5582B8DA8B5D}.Debug|Any CPU.Build.0 = Debug|Any CPU
		{B7738918-6898-4BAE-9974-5582B8DA8B5D}.Release|Any CPU.ActiveCfg = Release|Any CPU
		{B7738918-6898-4BAE-9974-5582B8DA8B5D}.Release|Any CPU.Build.0 = Release|Any CPU
	EndGlobalSection
	GlobalSection(SolutionProperties) = preSolution
		HideSolutionNode = FALSE
	EndGlobalSection
	GlobalSection(ExtensibilityGlobals) = postSolution
		SolutionGuid = {D847A941-CCD4-4621-91EF-EA0014C6504B}
	EndGlobalSection
EndGlobal
